// !$*UTF8*$!
{
	archiveVersion = 1;
	classes = {
	};
	objectVersion = 77;
	objects = {

/* Begin PBXBuildFile section */
		511D362F2D6395BB00079011 /* SnapKit in Frameworks */ = {isa = PBXBuildFile; productRef = 511D362E2D6395BB00079011 /* SnapKit */; };
		FE3DC8942DA428F1004EFD15 /* AnotherViewController.swift in Sources */ = {isa = PBXBuildFile; fileRef = FE3DC8872DA428F1004EFD15 /* AnotherViewController.swift */; };
		FE3DC8952DA428F1004EFD15 /* AppDelegate.swift in Sources */ = {isa = PBXBuildFile; fileRef = FE3DC8882DA428F1004EFD15 /* AppDelegate.swift */; };
		FE3DC8962DA428F1004EFD15 /* CustomCollectionViewCell.swift in Sources */ = {isa = PBXBuildFile; fileRef = FE3DC88A2DA428F1004EFD15 /* CustomCollectionViewCell.swift */; };
		FE3DC8972DA428F1004EFD15 /* ItunesSearchResponseDto.swift in Sources */ = {isa = PBXBuildFile; fileRef = FE3DC88C2DA428F1004EFD15 /* ItunesSearchResponseDto.swift */; };
		FE3DC8982DA428F1004EFD15 /* SceneDelegate.swift in Sources */ = {isa = PBXBuildFile; fileRef = FE3DC8912DA428F1004EFD15 /* SceneDelegate.swift */; };
		FE3DC8992DA428F1004EFD15 /* ViewController.swift in Sources */ = {isa = PBXBuildFile; fileRef = FE3DC8922DA428F1004EFD15 /* ViewController.swift */; };
		FE3DC89A2DA428F1004EFD15 /* .swiftlint.yml in Resources */ = {isa = PBXBuildFile; fileRef = FE3DC8862DA428F1004EFD15 /* .swiftlint.yml */; };
		FE3DC89B2DA428F1004EFD15 /* Assets.xcassets in Resources */ = {isa = PBXBuildFile; fileRef = FE3DC8892DA428F1004EFD15 /* Assets.xcassets */; };
		FE3DC89D2DA428F1004EFD15 /* LaunchScreen.storyboard in Resources */ = {isa = PBXBuildFile; fileRef = FE3DC88E2DA428F1004EFD15 /* LaunchScreen.storyboard */; };
		FE3DC89E2DA428F1004EFD15 /* Main.storyboard in Resources */ = {isa = PBXBuildFile; fileRef = FE3DC8902DA428F1004EFD15 /* Main.storyboard */; };
/* End PBXBuildFile section */

/* Begin PBXFileReference section */
		511D36152D63959100079011 /* ItunecSearch.app */ = {isa = PBXFileReference; explicitFileType = wrapper.application; includeInIndex = 0; path = ItunecSearch.app; sourceTree = BUILT_PRODUCTS_DIR; };
		FE3DC8862DA428F1004EFD15 /* .swiftlint.yml */ = {isa = PBXFileReference; lastKnownFileType = text.yaml; path = .swiftlint.yml; sourceTree = "<group>"; };
		FE3DC8872DA428F1004EFD15 /* AnotherViewController.swift */ = {isa = PBXFileReference; lastKnownFileType = sourcecode.swift; path = AnotherViewController.swift; sourceTree = "<group>"; };
		FE3DC8882DA428F1004EFD15 /* AppDelegate.swift */ = {isa = PBXFileReference; lastKnownFileType = sourcecode.swift; path = AppDelegate.swift; sourceTree = "<group>"; };
		FE3DC8892DA428F1004EFD15 /* Assets.xcassets */ = {isa = PBXFileReference; lastKnownFileType = folder.assetcatalog; path = Assets.xcassets; sourceTree = "<group>"; };
		FE3DC88A2DA428F1004EFD15 /* CustomCollectionViewCell.swift */ = {isa = PBXFileReference; lastKnownFileType = sourcecode.swift; path = CustomCollectionViewCell.swift; sourceTree = "<group>"; };
		FE3DC88B2DA428F1004EFD15 /* Info.plist */ = {isa = PBXFileReference; lastKnownFileType = text.plist.xml; path = Info.plist; sourceTree = "<group>"; };
		FE3DC88C2DA428F1004EFD15 /* ItunesSearchResponseDto.swift */ = {isa = PBXFileReference; lastKnownFileType = sourcecode.swift; path = ItunesSearchResponseDto.swift; sourceTree = "<group>"; };
		FE3DC88D2DA428F1004EFD15 /* Base */ = {isa = PBXFileReference; lastKnownFileType = file.storyboard; name = Base; path = Base.lproj/LaunchScreen.storyboard; sourceTree = "<group>"; };
		FE3DC88F2DA428F1004EFD15 /* Base */ = {isa = PBXFileReference; lastKnownFileType = file.storyboard; name = Base; path = Base.lproj/Main.storyboard; sourceTree = "<group>"; };
		FE3DC8912DA428F1004EFD15 /* SceneDelegate.swift */ = {isa = PBXFileReference; lastKnownFileType = sourcecode.swift; path = SceneDelegate.swift; sourceTree = "<group>"; };
		FE3DC8922DA428F1004EFD15 /* ViewController.swift */ = {isa = PBXFileReference; lastKnownFileType = sourcecode.swift; path = ViewController.swift; sourceTree = "<group>"; };
/* End PBXFileReference section */

/* Begin PBXFrameworksBuildPhase section */
		511D36122D63959100079011 /* Frameworks */ = {
			isa = PBXFrameworksBuildPhase;
			buildActionMask = 2147483647;
			files = (
				511D362F2D6395BB00079011 /* SnapKit in Frameworks */,
			);
			runOnlyForDeploymentPostprocessing = 0;
		};
/* End PBXFrameworksBuildPhase section */

/* Begin PBXGroup section */
		511D360C2D63959100079011 = {
			isa = PBXGroup;
			children = (
				FE3DC8932DA428F1004EFD15 /* ItunecSearch */,
				511D36162D63959100079011 /* Products */,
			);
			sourceTree = "<group>";
		};
		511D36162D63959100079011 /* Products */ = {
			isa = PBXGroup;
			children = (
				511D36152D63959100079011 /* ItunecSearch.app */,
			);
			name = Products;
			sourceTree = "<group>";
		};
		FE3DC8932DA428F1004EFD15 /* ItunecSearch */ = {
			isa = PBXGroup;
			children = (
				FE3DC8862DA428F1004EFD15 /* .swiftlint.yml */,
				FE3DC8872DA428F1004EFD15 /* AnotherViewController.swift */,
				FE3DC8882DA428F1004EFD15 /* AppDelegate.swift */,
				FE3DC8892DA428F1004EFD15 /* Assets.xcassets */,
				FE3DC88A2DA428F1004EFD15 /* CustomCollectionViewCell.swift */,
				FE3DC88B2DA428F1004EFD15 /* Info.plist */,
				FE3DC88C2DA428F1004EFD15 /* ItunesSearchResponseDto.swift */,
				FE3DC88E2DA428F1004EFD15 /* LaunchScreen.storyboard */,
				FE3DC8902DA428F1004EFD15 /* Main.storyboard */,
				FE3DC8912DA428F1004EFD15 /* SceneDelegate.swift */,
				FE3DC8922DA428F1004EFD15 /* ViewController.swift */,
			);
			path = ItunecSearch;
			sourceTree = "<group>";
		};
/* End PBXGroup section */

/* Begin PBXNativeTarget section */
		511D36142D63959100079011 /* ItunecSearch */ = {
			isa = PBXNativeTarget;
			buildConfigurationList = 511D36282D63959200079011 /* Build configuration list for PBXNativeTarget "ItunecSearch" */;
			buildPhases = (
				FE0AFE022DA1DE1700A02158 /* Swiftlint */,
				511D36112D63959100079011 /* Sources */,
				511D36122D63959100079011 /* Frameworks */,
				511D36132D63959100079011 /* Resources */,
			);
			buildRules = (
			);
			dependencies = (
			);
			name = ItunecSearch;
			packageProductDependencies = (
				511D362E2D6395BB00079011 /* SnapKit */,
			);
			productName = ItunecSearch;
			productReference = 511D36152D63959100079011 /* ItunecSearch.app */;
			productType = "com.apple.product-type.application";
		};
/* End PBXNativeTarget section */

/* Begin PBXProject section */
		511D360D2D63959100079011 /* Project object */ = {
			isa = PBXProject;
			attributes = {
				BuildIndependentTargetsInParallel = 1;
				LastSwiftUpdateCheck = 1620;
				LastUpgradeCheck = 1620;
				TargetAttributes = {
					511D36142D63959100079011 = {
						CreatedOnToolsVersion = 16.2;
					};
				};
			};
			buildConfigurationList = 511D36102D63959100079011 /* Build configuration list for PBXProject "ItunecSearch" */;
			developmentRegion = en;
			hasScannedForEncodings = 0;
			knownRegions = (
				en,
				Base,
			);
			mainGroup = 511D360C2D63959100079011;
			minimizedProjectReferenceProxies = 1;
			packageReferences = (
				511D362D2D6395BB00079011 /* XCRemoteSwiftPackageReference "SnapKit" */,
				FE0AFDFF2DA1DDE200A02158 /* XCRemoteSwiftPackageReference "SwiftLintPlugins" */,
			);
			preferredProjectObjectVersion = 77;
			productRefGroup = 511D36162D63959100079011 /* Products */;
			projectDirPath = "";
			projectRoot = "";
			targets = (
				511D36142D63959100079011 /* ItunecSearch */,
			);
		};
/* End PBXProject section */

/* Begin PBXResourcesBuildPhase section */
		511D36132D63959100079011 /* Resources */ = {
			isa = PBXResourcesBuildPhase;
			buildActionMask = 2147483647;
			files = (
				FE3DC89A2DA428F1004EFD15 /* .swiftlint.yml in Resources */,
				FE3DC89B2DA428F1004EFD15 /* Assets.xcassets in Resources */,
				FE3DC89D2DA428F1004EFD15 /* LaunchScreen.storyboard in Resources */,
				FE3DC89E2DA428F1004EFD15 /* Main.storyboard in Resources */,
			);
			runOnlyForDeploymentPostprocessing = 0;
		};
/* End PBXResourcesBuildPhase section */

/* Begin PBXShellScriptBuildPhase section */
		FE0AFE022DA1DE1700A02158 /* Swiftlint */ = {
			isa = PBXShellScriptBuildPhase;
			alwaysOutOfDate = 1;
			buildActionMask = 2147483647;
			files = (
			);
			inputFileListPaths = (
			);
			inputPaths = (
			);
			name = Swiftlint;
			outputFileListPaths = (
			);
			outputPaths = (
			);
			runOnlyForDeploymentPostprocessing = 0;
			shellPath = /bin/sh;
			shellScript = "if [[ \"$(uname -m)\" == arm64 ]]\nthen\n    export PATH=\"/opt/homebrew/bin:$PATH\"\nfi\n\nif command -v swiftlint >/dev/null 2>&1\nthen\n    swiftlint\nelse\n    echo \"warning: `swiftlint` command not found - See https://github.com/realm/SwiftLint#installation for installation instructions.\"\nfi\n";
		};
/* End PBXShellScriptBuildPhase section */

/* Begin PBXSourcesBuildPhase section */
		511D36112D63959100079011 /* Sources */ = {
			isa = PBXSourcesBuildPhase;
			buildActionMask = 2147483647;
			files = (
				FE3DC8942DA428F1004EFD15 /* AnotherViewController.swift in Sources */,
				FE3DC8952DA428F1004EFD15 /* AppDelegate.swift in Sources */,
				FE3DC8962DA428F1004EFD15 /* CustomCollectionViewCell.swift in Sources */,
				FE3DC8972DA428F1004EFD15 /* ItunesSearchResponseDto.swift in Sources */,
				FE3DC8982DA428F1004EFD15 /* SceneDelegate.swift in Sources */,
				FE3DC8992DA428F1004EFD15 /* ViewController.swift in Sources */,
			);
			runOnlyForDeploymentPostprocessing = 0;
		};
/* End PBXSourcesBuildPhase section */

/* Begin PBXVariantGroup section */
		FE3DC88E2DA428F1004EFD15 /* LaunchScreen.storyboard */ = {
			isa = PBXVariantGroup;
			children = (
				FE3DC88D2DA428F1004EFD15 /* Base */,
			);
			name = LaunchScreen.storyboard;
			sourceTree = "<group>";
		};
		FE3DC8902DA428F1004EFD15 /* Main.storyboard */ = {
			isa = PBXVariantGroup;
			children = (
				FE3DC88F2DA428F1004EFD15 /* Base */,
			);
			name = Main.storyboard;
			sourceTree = "<group>";
		};
/* End PBXVariantGroup section */

/* Begin XCBuildConfiguration section */
		511D36292D63959200079011 /* Debug */ = {
			isa = XCBuildConfiguration;
			buildSettings = {
				ASSETCATALOG_COMPILER_APPICON_NAME = AppIcon;
				ASSETCATALOG_COMPILER_GLOBAL_ACCENT_COLOR_NAME = AccentColor;
				CODE_SIGN_STYLE = Automatic;
				CURRENT_PROJECT_VERSION = 1;
				DEVELOPMENT_TEAM = S3DK5MZLSN;
				ENABLE_USER_SCRIPT_SANDBOXING = NO;
				GENERATE_INFOPLIST_FILE = YES;
				INFOPLIST_FILE = ItunecSearch/Info.plist;
				INFOPLIST_KEY_UIApplicationSupportsIndirectInputEvents = YES;
				INFOPLIST_KEY_UILaunchStoryboardName = LaunchScreen;
				INFOPLIST_KEY_UIMainStoryboardFile = Main;
				INFOPLIST_KEY_UISupportedInterfaceOrientations_iPad = "UIInterfaceOrientationPortrait UIInterfaceOrientationPortraitUpsideDown UIInterfaceOrientationLandscapeLeft UIInterfaceOrientationLandscapeRight";
				INFOPLIST_KEY_UISupportedInterfaceOrientations_iPhone = "UIInterfaceOrientationPortrait UIInterfaceOrientationLandscapeLeft UIInterfaceOrientationLandscapeRight";
				LD_RUNPATH_SEARCH_PATHS = (
					"$(inherited)",
					"@executable_path/Frameworks",
				);
				MARKETING_VERSION = 1.0;
				PRODUCT_BUNDLE_IDENTIFIER = com.vanek.ItunecSearch;
				PRODUCT_NAME = "$(TARGET_NAME)";
				SWIFT_EMIT_LOC_STRINGS = YES;
				SWIFT_VERSION = 5.0;
				TARGETED_DEVICE_FAMILY = "1,2";
			};
			name = Debug;
		};
		511D362A2D63959200079011 /* Release */ = {
			isa = XCBuildConfiguration;
			buildSettings = {
				ASSETCATALOG_COMPILER_APPICON_NAME = AppIcon;
				ASSETCATALOG_COMPILER_GLOBAL_ACCENT_COLOR_NAME = AccentColor;
				CODE_SIGN_STYLE = Automatic;
				CURRENT_PROJECT_VERSION = 1;
				DEVELOPMENT_TEAM = S3DK5MZLSN;
				ENABLE_USER_SCRIPT_SANDBOXING = NO;
				GENERATE_INFOPLIST_FILE = YES;
				INFOPLIST_FILE = ItunecSearch/Info.plist;
				INFOPLIST_KEY_UIApplicationSupportsIndirectInputEvents = YES;
				INFOPLIST_KEY_UILaunchStoryboardName = LaunchScreen;
				INFOPLIST_KEY_UIMainStoryboardFile = Main;
				INFOPLIST_KEY_UISupportedInterfaceOrientations_iPad = "UIInterfaceOrientationPortrait UIInterfaceOrientationPortraitUpsideDown UIInterfaceOrientationLandscapeLeft UIInterfaceOrientationLandscapeRight";
				INFOPLIST_KEY_UISupportedInterfaceOrientations_iPhone = "UIInterfaceOrientationPortrait UIInterfaceOrientationLandscapeLeft UIInterfaceOrientationLandscapeRight";
				LD_RUNPATH_SEARCH_PATHS = (
					"$(inherited)",
					"@executable_path/Frameworks",
				);
				MARKETING_VERSION = 1.0;
				PRODUCT_BUNDLE_IDENTIFIER = com.vanek.ItunecSearch;
				PRODUCT_NAME = "$(TARGET_NAME)";
				SWIFT_EMIT_LOC_STRINGS = YES;
				SWIFT_VERSION = 5.0;
				TARGETED_DEVICE_FAMILY = "1,2";
			};
			name = Release;
		};
		511D362B2D63959200079011 /* Debug */ = {
			isa = XCBuildConfiguration;
			buildSettings = {
				ALWAYS_SEARCH_USER_PATHS = NO;
				ASSETCATALOG_COMPILER_GENERATE_SWIFT_ASSET_SYMBOL_EXTENSIONS = YES;
				CLANG_ANALYZER_NONNULL = YES;
				CLANG_ANALYZER_NUMBER_OBJECT_CONVERSION = YES_AGGRESSIVE;
				CLANG_CXX_LANGUAGE_STANDARD = "gnu++20";
				CLANG_ENABLE_MODULES = YES;
				CLANG_ENABLE_OBJC_ARC = YES;
				CLANG_ENABLE_OBJC_WEAK = YES;
				CLANG_WARN_BLOCK_CAPTURE_AUTORELEASING = YES;
				CLANG_WARN_BOOL_CONVERSION = YES;
				CLANG_WARN_COMMA = YES;
				CLANG_WARN_CONSTANT_CONVERSION = YES;
				CLANG_WARN_DEPRECATED_OBJC_IMPLEMENTATIONS = YES;
				CLANG_WARN_DIRECT_OBJC_ISA_USAGE = YES_ERROR;
				CLANG_WARN_DOCUMENTATION_COMMENTS = YES;
				CLANG_WARN_EMPTY_BODY = YES;
				CLANG_WARN_ENUM_CONVERSION = YES;
				CLANG_WARN_INFINITE_RECURSION = YES;
				CLANG_WARN_INT_CONVERSION = YES;
				CLANG_WARN_NON_LITERAL_NULL_CONVERSION = YES;
				CLANG_WARN_OBJC_IMPLICIT_RETAIN_SELF = YES;
				CLANG_WARN_OBJC_LITERAL_CONVERSION = YES;
				CLANG_WARN_OBJC_ROOT_CLASS = YES_ERROR;
				CLANG_WARN_QUOTED_INCLUDE_IN_FRAMEWORK_HEADER = YES;
				CLANG_WARN_RANGE_LOOP_ANALYSIS = YES;
				CLANG_WARN_STRICT_PROTOTYPES = YES;
				CLANG_WARN_SUSPICIOUS_MOVE = YES;
				CLANG_WARN_UNGUARDED_AVAILABILITY = YES_AGGRESSIVE;
				CLANG_WARN_UNREACHABLE_CODE = YES;
				CLANG_WARN__DUPLICATE_METHOD_MATCH = YES;
				COPY_PHASE_STRIP = NO;
				DEBUG_INFORMATION_FORMAT = dwarf;
				ENABLE_STRICT_OBJC_MSGSEND = YES;
				ENABLE_TESTABILITY = YES;
				ENABLE_USER_SCRIPT_SANDBOXING = YES;
				GCC_C_LANGUAGE_STANDARD = gnu17;
				GCC_DYNAMIC_NO_PIC = NO;
				GCC_NO_COMMON_BLOCKS = YES;
				GCC_OPTIMIZATION_LEVEL = 0;
				GCC_PREPROCESSOR_DEFINITIONS = (
					"DEBUG=1",
					"$(inherited)",
				);
				GCC_WARN_64_TO_32_BIT_CONVERSION = YES;
				GCC_WARN_ABOUT_RETURN_TYPE = YES_ERROR;
				GCC_WARN_UNDECLARED_SELECTOR = YES;
				GCC_WARN_UNINITIALIZED_AUTOS = YES_AGGRESSIVE;
				GCC_WARN_UNUSED_FUNCTION = YES;
				GCC_WARN_UNUSED_VARIABLE = YES;
				IPHONEOS_DEPLOYMENT_TARGET = 18.2;
				LOCALIZATION_PREFERS_STRING_CATALOGS = YES;
				MTL_ENABLE_DEBUG_INFO = INCLUDE_SOURCE;
				MTL_FAST_MATH = YES;
				ONLY_ACTIVE_ARCH = YES;
				SDKROOT = iphoneos;
				SWIFT_ACTIVE_COMPILATION_CONDITIONS = "DEBUG $(inherited)";
				SWIFT_OPTIMIZATION_LEVEL = "-Onone";
			};
			name = Debug;
		};
		511D362C2D63959200079011 /* Release */ = {
			isa = XCBuildConfiguration;
			buildSettings = {
				ALWAYS_SEARCH_USER_PATHS = NO;
				ASSETCATALOG_COMPILER_GENERATE_SWIFT_ASSET_SYMBOL_EXTENSIONS = YES;
				CLANG_ANALYZER_NONNULL = YES;
				CLANG_ANALYZER_NUMBER_OBJECT_CONVERSION = YES_AGGRESSIVE;
				CLANG_CXX_LANGUAGE_STANDARD = "gnu++20";
				CLANG_ENABLE_MODULES = YES;
				CLANG_ENABLE_OBJC_ARC = YES;
				CLANG_ENABLE_OBJC_WEAK = YES;
				CLANG_WARN_BLOCK_CAPTURE_AUTORELEASING = YES;
				CLANG_WARN_BOOL_CONVERSION = YES;
				CLANG_WARN_COMMA = YES;
				CLANG_WARN_CONSTANT_CONVERSION = YES;
				CLANG_WARN_DEPRECATED_OBJC_IMPLEMENTATIONS = YES;
				CLANG_WARN_DIRECT_OBJC_ISA_USAGE = YES_ERROR;
				CLANG_WARN_DOCUMENTATION_COMMENTS = YES;
				CLANG_WARN_EMPTY_BODY = YES;
				CLANG_WARN_ENUM_CONVERSION = YES;
				CLANG_WARN_INFINITE_RECURSION = YES;
				CLANG_WARN_INT_CONVERSION = YES;
				CLANG_WARN_NON_LITERAL_NULL_CONVERSION = YES;
				CLANG_WARN_OBJC_IMPLICIT_RETAIN_SELF = YES;
				CLANG_WARN_OBJC_LITERAL_CONVERSION = YES;
				CLANG_WARN_OBJC_ROOT_CLASS = YES_ERROR;
				CLANG_WARN_QUOTED_INCLUDE_IN_FRAMEWORK_HEADER = YES;
				CLANG_WARN_RANGE_LOOP_ANALYSIS = YES;
				CLANG_WARN_STRICT_PROTOTYPES = YES;
				CLANG_WARN_SUSPICIOUS_MOVE = YES;
				CLANG_WARN_UNGUARDED_AVAILABILITY = YES_AGGRESSIVE;
				CLANG_WARN_UNREACHABLE_CODE = YES;
				CLANG_WARN__DUPLICATE_METHOD_MATCH = YES;
				COPY_PHASE_STRIP = NO;
				DEBUG_INFORMATION_FORMAT = "dwarf-with-dsym";
				ENABLE_NS_ASSERTIONS = NO;
				ENABLE_STRICT_OBJC_MSGSEND = YES;
				ENABLE_USER_SCRIPT_SANDBOXING = YES;
				GCC_C_LANGUAGE_STANDARD = gnu17;
				GCC_NO_COMMON_BLOCKS = YES;
				GCC_WARN_64_TO_32_BIT_CONVERSION = YES;
				GCC_WARN_ABOUT_RETURN_TYPE = YES_ERROR;
				GCC_WARN_UNDECLARED_SELECTOR = YES;
				GCC_WARN_UNINITIALIZED_AUTOS = YES_AGGRESSIVE;
				GCC_WARN_UNUSED_FUNCTION = YES;
				GCC_WARN_UNUSED_VARIABLE = YES;
				IPHONEOS_DEPLOYMENT_TARGET = 18.2;
				LOCALIZATION_PREFERS_STRING_CATALOGS = YES;
				MTL_ENABLE_DEBUG_INFO = NO;
				MTL_FAST_MATH = YES;
				SDKROOT = iphoneos;
				SWIFT_COMPILATION_MODE = wholemodule;
				VALIDATE_PRODUCT = YES;
			};
			name = Release;
		};
/* End XCBuildConfiguration section */

/* Begin XCConfigurationList section */
		511D36102D63959100079011 /* Build configuration list for PBXProject "ItunecSearch" */ = {
			isa = XCConfigurationList;
			buildConfigurations = (
				511D362B2D63959200079011 /* Debug */,
				511D362C2D63959200079011 /* Release */,
			);
			defaultConfigurationIsVisible = 0;
			defaultConfigurationName = Release;
		};
		511D36282D63959200079011 /* Build configuration list for PBXNativeTarget "ItunecSearch" */ = {
			isa = XCConfigurationList;
			buildConfigurations = (
				511D36292D63959200079011 /* Debug */,
				511D362A2D63959200079011 /* Release */,
			);
			defaultConfigurationIsVisible = 0;
			defaultConfigurationName = Release;
		};
/* End XCConfigurationList section */

/* Begin XCRemoteSwiftPackageReference section */
		511D362D2D6395BB00079011 /* XCRemoteSwiftPackageReference "SnapKit" */ = {
			isa = XCRemoteSwiftPackageReference;
			repositoryURL = "https://github.com/SnapKit/SnapKit.git";
			requirement = {
				kind = upToNextMajorVersion;
				minimumVersion = 5.7.1;
			};
		};
		FE0AFDFF2DA1DDE200A02158 /* XCRemoteSwiftPackageReference "SwiftLintPlugins" */ = {
			isa = XCRemoteSwiftPackageReference;
			repositoryURL = "https://github.com/SimplyDanny/SwiftLintPlugins";
			requirement = {
				kind = exactVersion;
				version = 0.59.0;
			};
		};
/* End XCRemoteSwiftPackageReference section */

/* Begin XCSwiftPackageProductDependency section */
		511D362E2D6395BB00079011 /* SnapKit */ = {
			isa = XCSwiftPackageProductDependency;
			package = 511D362D2D6395BB00079011 /* XCRemoteSwiftPackageReference "SnapKit" */;
			productName = SnapKit;
		};
/* End XCSwiftPackageProductDependency section */
	};
	rootObject = 511D360D2D63959100079011 /* Project object */;
}
